{
    "name": "@rakoon-badshah/dynamic-redux",
    "version": "2.0.0",
    "lockfileVersion": 1,
    "requires": true,
    "dependencies": {
        "dot-prop-immutable": {
            "version": "1.5.0",
            "resolved": "https://registry.npmjs.org/dot-prop-immutable/-/dot-prop-immutable-1.5.0.tgz",
            "integrity": "sha512-YcnAEqxtJSect/W3taJeMkKhDrL7NzzvgKlJ515m5aGxJBJpzetXf0wZbGapdrBNwAItWvb4sOn+jX0RBYYM1g==",
            "dev": true
        },
        "js-tokens": {
            "version": "4.0.0",
            "resolved": "https://registry.npmjs.org/js-tokens/-/js-tokens-4.0.0.tgz",
            "integrity": "sha512-RdJUflcE3cUzKiMqQgsCu06FPu9UdIJO0beYbPhHN4k6apgJtifcoCtT9bcxOpYBtpD2kCM6Sbzg4CausW/PKQ==",
            "dev": true
        },
        "lodash.isplainobject": {
            "version": "4.0.6",
            "resolved": "https://registry.npmjs.org/lodash.isplainobject/-/lodash.isplainobject-4.0.6.tgz",
            "integrity": "sha1-fFJqUtibRcRcxpC4gWO+BJf1UMs=",
            "dev": true
        },
        "loose-envify": {
            "version": "1.4.0",
            "resolved": "https://registry.npmjs.org/loose-envify/-/loose-envify-1.4.0.tgz",
            "integrity": "sha512-lyuxPGr/Wfhrlem2CL/UcnUc1zcqKAImBDzukY7Y5F/yQiNdko6+fRLevlw1HgMySw7f611UIY408EtxRSoK3Q==",
            "dev": true,
            "requires": {
                "js-tokens": "^3.0.0 || ^4.0.0"
            }
        },
        "object-assign": {
            "version": "4.1.1",
            "resolved": "https://registry.npmjs.org/object-assign/-/object-assign-4.1.1.tgz",
            "integrity": "sha1-IQmtx5ZYh8/AXLvUQsrIv7s2CGM=",
            "dev": true
        },
        "redux": {
            "version": "4.0.4",
            "resolved": "https://registry.npmjs.org/redux/-/redux-4.0.4.tgz",
            "integrity": "sha512-vKv4WdiJxOWKxK0yRoaK3Y4pxxB0ilzVx6dszU2W8wLxlb2yikRph4iV/ymtdJ6ZxpBLFbyrxklnT5yBbQSl3Q==",
            "dev": true,
            "requires": {
                "loose-envify": "^1.4.0",
                "symbol-observable": "^1.2.0"
            }
        },
        "redux-concatenate-reducers": {
            "version": "1.0.0",
            "resolved": "https://registry.npmjs.org/redux-concatenate-reducers/-/redux-concatenate-reducers-1.0.0.tgz",
            "integrity": "sha1-0ttgmX0CcpmPGOgMNZnSZannVVM=",
            "dev": true,
            "requires": {
                "object-assign": "^4.1.0"
            }
        },
        "redux-devtools-extension": {
            "version": "2.13.8",
            "resolved": "https://registry.npmjs.org/redux-devtools-extension/-/redux-devtools-extension-2.13.8.tgz",
            "integrity": "sha512-8qlpooP2QqPtZHQZRhx3x3OP5skEV1py/zUdMY28WNAocbafxdG2tRD1MWE7sp8obGMNYuLWanhhQ7EQvT1FBg==",
            "dev": true
        },
        "redux-dynamic-reducer": {
            "version": "2.0.2",
            "resolved": "https://registry.npmjs.org/redux-dynamic-reducer/-/redux-dynamic-reducer-2.0.2.tgz",
            "integrity": "sha512-sbuXnERcBmk+GWq+dklecVc7TTpRnWPiLdmhkx2GmbwRcJa67A0NK2n0SXJhVoyP5ehyqMbRUrT9b/AG8DLemw==",
            "dev": true,
            "requires": {
                "lodash.isplainobject": "^4.0.6",
                "redux-concatenate-reducers": "^1.0.0"
            }
        },
        "symbol-observable": {
            "version": "1.2.0",
            "resolved": "https://registry.npmjs.org/symbol-observable/-/symbol-observable-1.2.0.tgz",
            "integrity": "sha512-e900nM8RRtGhlV36KGEU9k65K3mPb1WV70OdjfxlG2EAuM1noi/E/BaW/uMhL7bPEssK8QV57vN3esixjUvcXQ==",
            "dev": true
        },
        "typescript": {
            "version": "3.7.3",
            "resolved": "https://registry.npmjs.org/typescript/-/typescript-3.7.3.tgz",
            "integrity": "sha512-Mcr/Qk7hXqFBXMN7p7Lusj1ktCBydylfQM/FZCk5glCNQJrCUKPkMHdo9R0MTFWsC/4kPFvDS0fDPvukfCkFsw==",
            "dev": true
        }
    }
}
